
Microsoft Visual Studio Solution File, Format Version 12.00
# Visual Studio 2013
VisualStudioVersion = 12.0.31101.0
MinimumVisualStudioVersion = 10.0.40219.1
Project("{FAE04EC0-301F-11D3-BF4B-00C04F79EFBC}") = "task1", "task1\task1.csproj", "{CCDE3186-20C5-4466-A52E-E24BF262EBEB}"
EndProject
Project("{FAE04EC0-301F-11D3-BF4B-00C04F79EFBC}") = "task2", "task2\task2.csproj", "{04D8D70D-C834-457E-AB6F-643A8F5AD7BA}"
EndProject
Project("{FAE04EC0-301F-11D3-BF4B-00C04F79EFBC}") = "task3", "task3\task3.csproj", "{8C377032-1B03-4572-B8E4-1CD0DF90D848}"
EndProject
Global
	GlobalSection(SolutionConfigurationPlatforms) = preSolution
		Debug|Any CPU = Debug|Any CPU
		Release|Any CPU = Release|Any CPU
	EndGlobalSection
	GlobalSection(ProjectConfigurationPlatforms) = postSolution
		{CCDE3186-20C5-4466-A52E-E24BF262EBEB}.Debug|Any CPU.ActiveCfg = Debug|Any CPU
		{CCDE3186-20C5-4466-A52E-E24BF262EBEB}.Debug|Any CPU.Build.0 = Debug|Any CPU
		{CCDE3186-20C5-4466-A52E-E24BF262EBEB}.Release|Any CPU.ActiveCfg = Release|Any CPU
		{CCDE3186-20C5-4466-A52E-E24BF262EBEB}.Release|Any CPU.Build.0 = Release|Any CPU
		{04D8D70D-C834-457E-AB6F-643A8F5AD7BA}.Debug|Any CPU.ActiveCfg = Debug|Any CPU
		{04D8D70D-C834-457E-AB6F-643A8F5AD7BA}.Debug|Any CPU.Build.0 = Debug|Any CPU
		{04D8D70D-C834-457E-AB6F-643A8F5AD7BA}.Release|Any CPU.ActiveCfg = Release|Any CPU
		{04D8D70D-C834-457E-AB6F-643A8F5AD7BA}.Release|Any CPU.Build.0 = Release|Any CPU
		{8C377032-1B03-4572-B8E4-1CD0DF90D848}.Debug|Any CPU.ActiveCfg = Debug|Any CPU
		{8C377032-1B03-4572-B8E4-1CD0DF90D848}.Debug|Any CPU.Build.0 = Debug|Any CPU
		{8C377032-1B03-4572-B8E4-1CD0DF90D848}.Release|Any CPU.ActiveCfg = Release|Any CPU
		{8C377032-1B03-4572-B8E4-1CD0DF90D848}.Release|Any CPU.Build.0 = Release|Any CPU
	EndGlobalSection
	GlobalSection(SolutionProperties) = preSolution
		HideSolutionNode = FALSE
	EndGlobalSection
EndGlobal
