
Microsoft Visual Studio Solution File, Format Version 12.00
# Visual Studio 2013
VisualStudioVersion = 12.0.31101.0
MinimumVisualStudioVersion = 10.0.40219.1
Project("{FAE04EC0-301F-11D3-BF4B-00C04F79EFBC}") = "task1", "task1\task1.csproj", "{5EA3A3F1-0638-4F6E-AD23-74CF8AD6C971}"
EndProject
Project("{FAE04EC0-301F-11D3-BF4B-00C04F79EFBC}") = "task2", "task2\task2.csproj", "{E30569D7-E169-49D8-82BB-CD4B08CFD1B1}"
EndProject
Project("{FAE04EC0-301F-11D3-BF4B-00C04F79EFBC}") = "task3", "task3\task3.csproj", "{CB87AC6A-8675-4E10-A15D-28CD16A7CE0B}"
EndProject
Project("{FAE04EC0-301F-11D3-BF4B-00C04F79EFBC}") = "task4", "task4\task4.csproj", "{C8F79D16-B9AD-4C8C-A5C1-06BC3EDB3EB7}"
EndProject
Project("{FAE04EC0-301F-11D3-BF4B-00C04F79EFBC}") = "task5", "task5\task5.csproj", "{09350AD1-A0CB-4BD5-B2E9-4271F6B2BC3C}"
EndProject
Project("{FAE04EC0-301F-11D3-BF4B-00C04F79EFBC}") = "task6", "task6\task6.csproj", "{3196B999-14B2-47AF-B79D-16CB3BA75ED4}"
EndProject
Project("{FAE04EC0-301F-11D3-BF4B-00C04F79EFBC}") = "task7", "task7\task7.csproj", "{6B1ABF1C-EA46-4B37-BF9B-66AB01EDF54A}"
EndProject
Project("{FAE04EC0-301F-11D3-BF4B-00C04F79EFBC}") = "task8", "task8\task8.csproj", "{7A691347-DF21-4818-8C53-1AC49238019D}"
EndProject
Project("{FAE04EC0-301F-11D3-BF4B-00C04F79EFBC}") = "task9", "task9\task9.csproj", "{489FC62C-C824-467D-ADA9-57E4CB3570A3}"
EndProject
Project("{FAE04EC0-301F-11D3-BF4B-00C04F79EFBC}") = "task10", "task10\task10.csproj", "{A40065CD-E9AA-4B0F-9F88-C3B273DEDA5E}"
EndProject
Project("{FAE04EC0-301F-11D3-BF4B-00C04F79EFBC}") = "task11", "task11\task11.csproj", "{AF22DA00-63D2-45C9-8A84-4B1074758DC3}"
EndProject
Project("{FAE04EC0-301F-11D3-BF4B-00C04F79EFBC}") = "task12", "task12\task12.csproj", "{53B000E3-EA27-4EE1-93E1-76726E412087}"
EndProject
Global
	GlobalSection(SolutionConfigurationPlatforms) = preSolution
		Debug|Any CPU = Debug|Any CPU
		Release|Any CPU = Release|Any CPU
	EndGlobalSection
	GlobalSection(ProjectConfigurationPlatforms) = postSolution
		{5EA3A3F1-0638-4F6E-AD23-74CF8AD6C971}.Debug|Any CPU.ActiveCfg = Debug|Any CPU
		{5EA3A3F1-0638-4F6E-AD23-74CF8AD6C971}.Debug|Any CPU.Build.0 = Debug|Any CPU
		{5EA3A3F1-0638-4F6E-AD23-74CF8AD6C971}.Release|Any CPU.ActiveCfg = Release|Any CPU
		{5EA3A3F1-0638-4F6E-AD23-74CF8AD6C971}.Release|Any CPU.Build.0 = Release|Any CPU
		{E30569D7-E169-49D8-82BB-CD4B08CFD1B1}.Debug|Any CPU.ActiveCfg = Debug|Any CPU
		{E30569D7-E169-49D8-82BB-CD4B08CFD1B1}.Debug|Any CPU.Build.0 = Debug|Any CPU
		{E30569D7-E169-49D8-82BB-CD4B08CFD1B1}.Release|Any CPU.ActiveCfg = Release|Any CPU
		{E30569D7-E169-49D8-82BB-CD4B08CFD1B1}.Release|Any CPU.Build.0 = Release|Any CPU
		{CB87AC6A-8675-4E10-A15D-28CD16A7CE0B}.Debug|Any CPU.ActiveCfg = Debug|Any CPU
		{CB87AC6A-8675-4E10-A15D-28CD16A7CE0B}.Debug|Any CPU.Build.0 = Debug|Any CPU
		{CB87AC6A-8675-4E10-A15D-28CD16A7CE0B}.Release|Any CPU.ActiveCfg = Release|Any CPU
		{CB87AC6A-8675-4E10-A15D-28CD16A7CE0B}.Release|Any CPU.Build.0 = Release|Any CPU
		{C8F79D16-B9AD-4C8C-A5C1-06BC3EDB3EB7}.Debug|Any CPU.ActiveCfg = Debug|Any CPU
		{C8F79D16-B9AD-4C8C-A5C1-06BC3EDB3EB7}.Debug|Any CPU.Build.0 = Debug|Any CPU
		{C8F79D16-B9AD-4C8C-A5C1-06BC3EDB3EB7}.Release|Any CPU.ActiveCfg = Release|Any CPU
		{C8F79D16-B9AD-4C8C-A5C1-06BC3EDB3EB7}.Release|Any CPU.Build.0 = Release|Any CPU
		{09350AD1-A0CB-4BD5-B2E9-4271F6B2BC3C}.Debug|Any CPU.ActiveCfg = Debug|Any CPU
		{09350AD1-A0CB-4BD5-B2E9-4271F6B2BC3C}.Debug|Any CPU.Build.0 = Debug|Any CPU
		{09350AD1-A0CB-4BD5-B2E9-4271F6B2BC3C}.Release|Any CPU.ActiveCfg = Release|Any CPU
		{09350AD1-A0CB-4BD5-B2E9-4271F6B2BC3C}.Release|Any CPU.Build.0 = Release|Any CPU
		{3196B999-14B2-47AF-B79D-16CB3BA75ED4}.Debug|Any CPU.ActiveCfg = Debug|Any CPU
		{3196B999-14B2-47AF-B79D-16CB3BA75ED4}.Debug|Any CPU.Build.0 = Debug|Any CPU
		{3196B999-14B2-47AF-B79D-16CB3BA75ED4}.Release|Any CPU.ActiveCfg = Release|Any CPU
		{3196B999-14B2-47AF-B79D-16CB3BA75ED4}.Release|Any CPU.Build.0 = Release|Any CPU
		{6B1ABF1C-EA46-4B37-BF9B-66AB01EDF54A}.Debug|Any CPU.ActiveCfg = Debug|Any CPU
		{6B1ABF1C-EA46-4B37-BF9B-66AB01EDF54A}.Debug|Any CPU.Build.0 = Debug|Any CPU
		{6B1ABF1C-EA46-4B37-BF9B-66AB01EDF54A}.Release|Any CPU.ActiveCfg = Release|Any CPU
		{6B1ABF1C-EA46-4B37-BF9B-66AB01EDF54A}.Release|Any CPU.Build.0 = Release|Any CPU
		{7A691347-DF21-4818-8C53-1AC49238019D}.Debug|Any CPU.ActiveCfg = Debug|Any CPU
		{7A691347-DF21-4818-8C53-1AC49238019D}.Debug|Any CPU.Build.0 = Debug|Any CPU
		{7A691347-DF21-4818-8C53-1AC49238019D}.Release|Any CPU.ActiveCfg = Release|Any CPU
		{7A691347-DF21-4818-8C53-1AC49238019D}.Release|Any CPU.Build.0 = Release|Any CPU
		{489FC62C-C824-467D-ADA9-57E4CB3570A3}.Debug|Any CPU.ActiveCfg = Debug|Any CPU
		{489FC62C-C824-467D-ADA9-57E4CB3570A3}.Debug|Any CPU.Build.0 = Debug|Any CPU
		{489FC62C-C824-467D-ADA9-57E4CB3570A3}.Release|Any CPU.ActiveCfg = Release|Any CPU
		{489FC62C-C824-467D-ADA9-57E4CB3570A3}.Release|Any CPU.Build.0 = Release|Any CPU
		{A40065CD-E9AA-4B0F-9F88-C3B273DEDA5E}.Debug|Any CPU.ActiveCfg = Debug|Any CPU
		{A40065CD-E9AA-4B0F-9F88-C3B273DEDA5E}.Debug|Any CPU.Build.0 = Debug|Any CPU
		{A40065CD-E9AA-4B0F-9F88-C3B273DEDA5E}.Release|Any CPU.ActiveCfg = Release|Any CPU
		{A40065CD-E9AA-4B0F-9F88-C3B273DEDA5E}.Release|Any CPU.Build.0 = Release|Any CPU
		{AF22DA00-63D2-45C9-8A84-4B1074758DC3}.Debug|Any CPU.ActiveCfg = Debug|Any CPU
		{AF22DA00-63D2-45C9-8A84-4B1074758DC3}.Debug|Any CPU.Build.0 = Debug|Any CPU
		{AF22DA00-63D2-45C9-8A84-4B1074758DC3}.Release|Any CPU.ActiveCfg = Release|Any CPU
		{AF22DA00-63D2-45C9-8A84-4B1074758DC3}.Release|Any CPU.Build.0 = Release|Any CPU
		{53B000E3-EA27-4EE1-93E1-76726E412087}.Debug|Any CPU.ActiveCfg = Debug|Any CPU
		{53B000E3-EA27-4EE1-93E1-76726E412087}.Debug|Any CPU.Build.0 = Debug|Any CPU
		{53B000E3-EA27-4EE1-93E1-76726E412087}.Release|Any CPU.ActiveCfg = Release|Any CPU
		{53B000E3-EA27-4EE1-93E1-76726E412087}.Release|Any CPU.Build.0 = Release|Any CPU
	EndGlobalSection
	GlobalSection(SolutionProperties) = preSolution
		HideSolutionNode = FALSE
	EndGlobalSection
EndGlobal
