
Microsoft Visual Studio Solution File, Format Version 12.00
# Visual Studio 2013
VisualStudioVersion = 12.0.31101.0
MinimumVisualStudioVersion = 10.0.40219.1
Project("{FAE04EC0-301F-11D3-BF4B-00C04F79EFBC}") = "task1", "task1\task1.csproj", "{7882AEE7-55CB-46FB-9339-E18F5AE7803F}"
EndProject
Project("{FAE04EC0-301F-11D3-BF4B-00C04F79EFBC}") = "task2", "task2\task2.csproj", "{E6881DDA-B9AE-4465-BBE5-7DE7B8CC52A9}"
EndProject
Project("{FAE04EC0-301F-11D3-BF4B-00C04F79EFBC}") = "task5", "task5\task5.csproj", "{0B0A45E2-90E4-4811-9692-61BAFB96AADF}"
EndProject
Project("{FAE04EC0-301F-11D3-BF4B-00C04F79EFBC}") = "task6", "task6\task6.csproj", "{26D6B43F-223D-4057-931F-1D6E749716EF}"
EndProject
Project("{FAE04EC0-301F-11D3-BF4B-00C04F79EFBC}") = "task12", "task12\task12.csproj", "{CAD132D3-01C9-4EC1-9BD6-EC88005DB0DE}"
EndProject
Project("{FAE04EC0-301F-11D3-BF4B-00C04F79EFBC}") = "task3", "task3\task3.csproj", "{62833ED8-B22F-4CA4-A996-CC93D2A6C84A}"
EndProject
Project("{FAE04EC0-301F-11D3-BF4B-00C04F79EFBC}") = "task4", "task4\task4.csproj", "{2A6C6142-5794-4D62-9EF4-E8F6020B9E69}"
EndProject
Project("{FAE04EC0-301F-11D3-BF4B-00C04F79EFBC}") = "task7", "task7\task7.csproj", "{1EB48989-E5CA-41D8-8465-478C67FC0DF2}"
EndProject
Project("{FAE04EC0-301F-11D3-BF4B-00C04F79EFBC}") = "task8", "task8\task8.csproj", "{5ECE60C7-8D97-48D5-93B5-DEAA0CFA29FE}"
EndProject
Project("{FAE04EC0-301F-11D3-BF4B-00C04F79EFBC}") = "task9", "task9\task9.csproj", "{E1289407-739A-4A73-87A1-BA8E3EE89D7E}"
EndProject
Project("{FAE04EC0-301F-11D3-BF4B-00C04F79EFBC}") = "task10", "task10\task10.csproj", "{6E2CDCA2-9825-4924-9B3A-59DB67FC0241}"
EndProject
Project("{FAE04EC0-301F-11D3-BF4B-00C04F79EFBC}") = "task11", "task11\task11.csproj", "{932C3144-566A-4675-8F53-4643955B4CAC}"
EndProject
Project("{FAE04EC0-301F-11D3-BF4B-00C04F79EFBC}") = "task13", "task13\task13.csproj", "{12D39B24-2BC0-48F9-8538-0FDDDB88DF34}"
EndProject
Project("{FAE04EC0-301F-11D3-BF4B-00C04F79EFBC}") = "task14", "task14\task14.csproj", "{666D7614-107A-4522-BA90-D215B20F95BD}"
EndProject
Project("{FAE04EC0-301F-11D3-BF4B-00C04F79EFBC}") = "task15", "task15\task15.csproj", "{B8699A79-B19C-4A19-B474-84A9445BE512}"
EndProject
Project("{FAE04EC0-301F-11D3-BF4B-00C04F79EFBC}") = "task16", "task16\task16.csproj", "{C85E579A-0866-4AD7-A1D2-2CD8295D3899}"
EndProject
Project("{FAE04EC0-301F-11D3-BF4B-00C04F79EFBC}") = "task17", "task17\task17.csproj", "{40289FB6-BB69-44B6-877E-4303E026E397}"
EndProject
Global
	GlobalSection(SolutionConfigurationPlatforms) = preSolution
		Debug|Any CPU = Debug|Any CPU
		Release|Any CPU = Release|Any CPU
	EndGlobalSection
	GlobalSection(ProjectConfigurationPlatforms) = postSolution
		{7882AEE7-55CB-46FB-9339-E18F5AE7803F}.Debug|Any CPU.ActiveCfg = Debug|Any CPU
		{7882AEE7-55CB-46FB-9339-E18F5AE7803F}.Debug|Any CPU.Build.0 = Debug|Any CPU
		{7882AEE7-55CB-46FB-9339-E18F5AE7803F}.Release|Any CPU.ActiveCfg = Release|Any CPU
		{7882AEE7-55CB-46FB-9339-E18F5AE7803F}.Release|Any CPU.Build.0 = Release|Any CPU
		{E6881DDA-B9AE-4465-BBE5-7DE7B8CC52A9}.Debug|Any CPU.ActiveCfg = Debug|Any CPU
		{E6881DDA-B9AE-4465-BBE5-7DE7B8CC52A9}.Debug|Any CPU.Build.0 = Debug|Any CPU
		{E6881DDA-B9AE-4465-BBE5-7DE7B8CC52A9}.Release|Any CPU.ActiveCfg = Release|Any CPU
		{E6881DDA-B9AE-4465-BBE5-7DE7B8CC52A9}.Release|Any CPU.Build.0 = Release|Any CPU
		{0B0A45E2-90E4-4811-9692-61BAFB96AADF}.Debug|Any CPU.ActiveCfg = Debug|Any CPU
		{0B0A45E2-90E4-4811-9692-61BAFB96AADF}.Debug|Any CPU.Build.0 = Debug|Any CPU
		{0B0A45E2-90E4-4811-9692-61BAFB96AADF}.Release|Any CPU.ActiveCfg = Release|Any CPU
		{0B0A45E2-90E4-4811-9692-61BAFB96AADF}.Release|Any CPU.Build.0 = Release|Any CPU
		{26D6B43F-223D-4057-931F-1D6E749716EF}.Debug|Any CPU.ActiveCfg = Debug|Any CPU
		{26D6B43F-223D-4057-931F-1D6E749716EF}.Debug|Any CPU.Build.0 = Debug|Any CPU
		{26D6B43F-223D-4057-931F-1D6E749716EF}.Release|Any CPU.ActiveCfg = Release|Any CPU
		{26D6B43F-223D-4057-931F-1D6E749716EF}.Release|Any CPU.Build.0 = Release|Any CPU
		{CAD132D3-01C9-4EC1-9BD6-EC88005DB0DE}.Debug|Any CPU.ActiveCfg = Debug|Any CPU
		{CAD132D3-01C9-4EC1-9BD6-EC88005DB0DE}.Debug|Any CPU.Build.0 = Debug|Any CPU
		{CAD132D3-01C9-4EC1-9BD6-EC88005DB0DE}.Release|Any CPU.ActiveCfg = Release|Any CPU
		{CAD132D3-01C9-4EC1-9BD6-EC88005DB0DE}.Release|Any CPU.Build.0 = Release|Any CPU
		{62833ED8-B22F-4CA4-A996-CC93D2A6C84A}.Debug|Any CPU.ActiveCfg = Debug|Any CPU
		{62833ED8-B22F-4CA4-A996-CC93D2A6C84A}.Debug|Any CPU.Build.0 = Debug|Any CPU
		{62833ED8-B22F-4CA4-A996-CC93D2A6C84A}.Release|Any CPU.ActiveCfg = Release|Any CPU
		{62833ED8-B22F-4CA4-A996-CC93D2A6C84A}.Release|Any CPU.Build.0 = Release|Any CPU
		{2A6C6142-5794-4D62-9EF4-E8F6020B9E69}.Debug|Any CPU.ActiveCfg = Debug|Any CPU
		{2A6C6142-5794-4D62-9EF4-E8F6020B9E69}.Debug|Any CPU.Build.0 = Debug|Any CPU
		{2A6C6142-5794-4D62-9EF4-E8F6020B9E69}.Release|Any CPU.ActiveCfg = Release|Any CPU
		{2A6C6142-5794-4D62-9EF4-E8F6020B9E69}.Release|Any CPU.Build.0 = Release|Any CPU
		{1EB48989-E5CA-41D8-8465-478C67FC0DF2}.Debug|Any CPU.ActiveCfg = Debug|Any CPU
		{1EB48989-E5CA-41D8-8465-478C67FC0DF2}.Debug|Any CPU.Build.0 = Debug|Any CPU
		{1EB48989-E5CA-41D8-8465-478C67FC0DF2}.Release|Any CPU.ActiveCfg = Release|Any CPU
		{1EB48989-E5CA-41D8-8465-478C67FC0DF2}.Release|Any CPU.Build.0 = Release|Any CPU
		{5ECE60C7-8D97-48D5-93B5-DEAA0CFA29FE}.Debug|Any CPU.ActiveCfg = Debug|Any CPU
		{5ECE60C7-8D97-48D5-93B5-DEAA0CFA29FE}.Debug|Any CPU.Build.0 = Debug|Any CPU
		{5ECE60C7-8D97-48D5-93B5-DEAA0CFA29FE}.Release|Any CPU.ActiveCfg = Release|Any CPU
		{5ECE60C7-8D97-48D5-93B5-DEAA0CFA29FE}.Release|Any CPU.Build.0 = Release|Any CPU
		{E1289407-739A-4A73-87A1-BA8E3EE89D7E}.Debug|Any CPU.ActiveCfg = Debug|Any CPU
		{E1289407-739A-4A73-87A1-BA8E3EE89D7E}.Debug|Any CPU.Build.0 = Debug|Any CPU
		{E1289407-739A-4A73-87A1-BA8E3EE89D7E}.Release|Any CPU.ActiveCfg = Release|Any CPU
		{E1289407-739A-4A73-87A1-BA8E3EE89D7E}.Release|Any CPU.Build.0 = Release|Any CPU
		{6E2CDCA2-9825-4924-9B3A-59DB67FC0241}.Debug|Any CPU.ActiveCfg = Debug|Any CPU
		{6E2CDCA2-9825-4924-9B3A-59DB67FC0241}.Debug|Any CPU.Build.0 = Debug|Any CPU
		{6E2CDCA2-9825-4924-9B3A-59DB67FC0241}.Release|Any CPU.ActiveCfg = Release|Any CPU
		{6E2CDCA2-9825-4924-9B3A-59DB67FC0241}.Release|Any CPU.Build.0 = Release|Any CPU
		{932C3144-566A-4675-8F53-4643955B4CAC}.Debug|Any CPU.ActiveCfg = Debug|Any CPU
		{932C3144-566A-4675-8F53-4643955B4CAC}.Debug|Any CPU.Build.0 = Debug|Any CPU
		{932C3144-566A-4675-8F53-4643955B4CAC}.Release|Any CPU.ActiveCfg = Release|Any CPU
		{932C3144-566A-4675-8F53-4643955B4CAC}.Release|Any CPU.Build.0 = Release|Any CPU
		{12D39B24-2BC0-48F9-8538-0FDDDB88DF34}.Debug|Any CPU.ActiveCfg = Debug|Any CPU
		{12D39B24-2BC0-48F9-8538-0FDDDB88DF34}.Debug|Any CPU.Build.0 = Debug|Any CPU
		{12D39B24-2BC0-48F9-8538-0FDDDB88DF34}.Release|Any CPU.ActiveCfg = Release|Any CPU
		{12D39B24-2BC0-48F9-8538-0FDDDB88DF34}.Release|Any CPU.Build.0 = Release|Any CPU
		{666D7614-107A-4522-BA90-D215B20F95BD}.Debug|Any CPU.ActiveCfg = Debug|Any CPU
		{666D7614-107A-4522-BA90-D215B20F95BD}.Debug|Any CPU.Build.0 = Debug|Any CPU
		{666D7614-107A-4522-BA90-D215B20F95BD}.Release|Any CPU.ActiveCfg = Release|Any CPU
		{666D7614-107A-4522-BA90-D215B20F95BD}.Release|Any CPU.Build.0 = Release|Any CPU
		{B8699A79-B19C-4A19-B474-84A9445BE512}.Debug|Any CPU.ActiveCfg = Debug|Any CPU
		{B8699A79-B19C-4A19-B474-84A9445BE512}.Debug|Any CPU.Build.0 = Debug|Any CPU
		{B8699A79-B19C-4A19-B474-84A9445BE512}.Release|Any CPU.ActiveCfg = Release|Any CPU
		{B8699A79-B19C-4A19-B474-84A9445BE512}.Release|Any CPU.Build.0 = Release|Any CPU
		{C85E579A-0866-4AD7-A1D2-2CD8295D3899}.Debug|Any CPU.ActiveCfg = Debug|Any CPU
		{C85E579A-0866-4AD7-A1D2-2CD8295D3899}.Debug|Any CPU.Build.0 = Debug|Any CPU
		{C85E579A-0866-4AD7-A1D2-2CD8295D3899}.Release|Any CPU.ActiveCfg = Release|Any CPU
		{C85E579A-0866-4AD7-A1D2-2CD8295D3899}.Release|Any CPU.Build.0 = Release|Any CPU
		{40289FB6-BB69-44B6-877E-4303E026E397}.Debug|Any CPU.ActiveCfg = Debug|Any CPU
		{40289FB6-BB69-44B6-877E-4303E026E397}.Debug|Any CPU.Build.0 = Debug|Any CPU
		{40289FB6-BB69-44B6-877E-4303E026E397}.Release|Any CPU.ActiveCfg = Release|Any CPU
		{40289FB6-BB69-44B6-877E-4303E026E397}.Release|Any CPU.Build.0 = Release|Any CPU
	EndGlobalSection
	GlobalSection(SolutionProperties) = preSolution
		HideSolutionNode = FALSE
	EndGlobalSection
EndGlobal
