
Microsoft Visual Studio Solution File, Format Version 12.00
# Visual Studio 2013
VisualStudioVersion = 12.0.31101.0
MinimumVisualStudioVersion = 10.0.40219.1
Project("{FAE04EC0-301F-11D3-BF4B-00C04F79EFBC}") = "task1", "task1\task1.csproj", "{8E70E50F-337A-414D-BD0F-93F1EFF8C900}"
EndProject
Project("{FAE04EC0-301F-11D3-BF4B-00C04F79EFBC}") = "task2", "task2\task2.csproj", "{A5160947-4A46-4D9E-BD08-4ECB222975B3}"
EndProject
Project("{FAE04EC0-301F-11D3-BF4B-00C04F79EFBC}") = "task3", "task3\task3.csproj", "{81F9515E-0EDE-42FA-8075-F1B7DAEFBB60}"
EndProject
Project("{FAE04EC0-301F-11D3-BF4B-00C04F79EFBC}") = "task4", "task4\task4.csproj", "{8F846D3D-8AD8-41AA-9AFE-E3CEEC266EC1}"
EndProject
Project("{FAE04EC0-301F-11D3-BF4B-00C04F79EFBC}") = "task5", "task5\task5.csproj", "{7A04727C-4547-46B2-BCA0-AABBF0AE99CB}"
EndProject
Project("{FAE04EC0-301F-11D3-BF4B-00C04F79EFBC}") = "task10", "task10\task10.csproj", "{F1DB4D6F-7EED-4605-9A55-FCFAE25C1321}"
EndProject
Project("{FAE04EC0-301F-11D3-BF4B-00C04F79EFBC}") = "task11", "task11\task11.csproj", "{96DB69E0-E957-4A02-A8BE-CD9EFEBB009A}"
EndProject
Project("{FAE04EC0-301F-11D3-BF4B-00C04F79EFBC}") = "task6", "task6\task6.csproj", "{8ECA34C7-87DF-48D6-94EA-B47E42BAD18F}"
EndProject
Project("{FAE04EC0-301F-11D3-BF4B-00C04F79EFBC}") = "task7", "task7\task7.csproj", "{E918B894-8D40-4AB4-A638-92717FA23B9F}"
EndProject
Project("{FAE04EC0-301F-11D3-BF4B-00C04F79EFBC}") = "task8", "task8\task8.csproj", "{4B9CE88C-B4AC-440A-8DE8-C361B4807CA2}"
EndProject
Project("{FAE04EC0-301F-11D3-BF4B-00C04F79EFBC}") = "task18", "task18\task18.csproj", "{D7DEA87C-8609-4496-A7C1-E514A8855304}"
EndProject
Project("{FAE04EC0-301F-11D3-BF4B-00C04F79EFBC}") = "task19", "task19\task19.csproj", "{4ECABE44-6F16-4836-92AA-4B49900ADD34}"
EndProject
Project("{FAE04EC0-301F-11D3-BF4B-00C04F79EFBC}") = "task21", "task21\task21.csproj", "{9B774902-8F96-43BE-957C-4F9856B29CE8}"
EndProject
Project("{FAE04EC0-301F-11D3-BF4B-00C04F79EFBC}") = "task9", "task9\task9.csproj", "{D2B8BB3D-40F1-492B-82F6-91EF21AA84FF}"
EndProject
Project("{FAE04EC0-301F-11D3-BF4B-00C04F79EFBC}") = "task12", "task12\task12.csproj", "{466C56E2-ED91-4DD0-8D09-010D6D280D85}"
EndProject
Project("{FAE04EC0-301F-11D3-BF4B-00C04F79EFBC}") = "task13", "task13\task13.csproj", "{603F0CAD-9CA8-4ECD-B076-4B53E4729172}"
EndProject
Project("{FAE04EC0-301F-11D3-BF4B-00C04F79EFBC}") = "task14", "task14\task14.csproj", "{B8B37386-AF0B-4F68-8E0E-F38FD7B4CB14}"
EndProject
Project("{FAE04EC0-301F-11D3-BF4B-00C04F79EFBC}") = "task15", "task15\task15.csproj", "{999C63E7-9524-4F79-BBE9-4560D1B26CB0}"
EndProject
Project("{FAE04EC0-301F-11D3-BF4B-00C04F79EFBC}") = "task 20", "task 20\task 20.csproj", "{1BAB66AC-26A2-4686-B68F-C63DEE52022D}"
EndProject
Project("{FAE04EC0-301F-11D3-BF4B-00C04F79EFBC}") = "task 22", "task 22\task 22.csproj", "{C7906AD4-5B45-4370-B99D-B80F5BD44664}"
EndProject
Project("{FAE04EC0-301F-11D3-BF4B-00C04F79EFBC}") = "task23", "task23\task23.csproj", "{2A4DAAF1-2ABE-4CDB-968A-B7C563421581}"
EndProject
Project("{FAE04EC0-301F-11D3-BF4B-00C04F79EFBC}") = "task24", "task24\task24.csproj", "{7C8F6A77-552D-4024-AA2D-7695BE52A36A}"
EndProject
Project("{FAE04EC0-301F-11D3-BF4B-00C04F79EFBC}") = "task25", "task25\task25.csproj", "{9A2D7550-D0FC-4999-B2CB-D0B47960164E}"
EndProject
Project("{FAE04EC0-301F-11D3-BF4B-00C04F79EFBC}") = "task26", "task26\task26.csproj", "{C3D52ECD-B3B7-47C4-960D-A1CBF00780EF}"
EndProject
Project("{FAE04EC0-301F-11D3-BF4B-00C04F79EFBC}") = "task27", "task27\task27.csproj", "{A04BE138-301A-4FB7-A025-470EB1CB6379}"
EndProject
Project("{FAE04EC0-301F-11D3-BF4B-00C04F79EFBC}") = "task28", "task28\task28.csproj", "{37A2A68E-64E8-46D8-88BF-515CCBC82165}"
EndProject
Project("{FAE04EC0-301F-11D3-BF4B-00C04F79EFBC}") = "task29", "task29\task29.csproj", "{F7542542-C4DF-465E-83E7-BD5728342474}"
EndProject
Global
	GlobalSection(SolutionConfigurationPlatforms) = preSolution
		Debug|Any CPU = Debug|Any CPU
		Release|Any CPU = Release|Any CPU
	EndGlobalSection
	GlobalSection(ProjectConfigurationPlatforms) = postSolution
		{8E70E50F-337A-414D-BD0F-93F1EFF8C900}.Debug|Any CPU.ActiveCfg = Debug|Any CPU
		{8E70E50F-337A-414D-BD0F-93F1EFF8C900}.Debug|Any CPU.Build.0 = Debug|Any CPU
		{8E70E50F-337A-414D-BD0F-93F1EFF8C900}.Release|Any CPU.ActiveCfg = Release|Any CPU
		{8E70E50F-337A-414D-BD0F-93F1EFF8C900}.Release|Any CPU.Build.0 = Release|Any CPU
		{A5160947-4A46-4D9E-BD08-4ECB222975B3}.Debug|Any CPU.ActiveCfg = Debug|Any CPU
		{A5160947-4A46-4D9E-BD08-4ECB222975B3}.Debug|Any CPU.Build.0 = Debug|Any CPU
		{A5160947-4A46-4D9E-BD08-4ECB222975B3}.Release|Any CPU.ActiveCfg = Release|Any CPU
		{A5160947-4A46-4D9E-BD08-4ECB222975B3}.Release|Any CPU.Build.0 = Release|Any CPU
		{81F9515E-0EDE-42FA-8075-F1B7DAEFBB60}.Debug|Any CPU.ActiveCfg = Debug|Any CPU
		{81F9515E-0EDE-42FA-8075-F1B7DAEFBB60}.Debug|Any CPU.Build.0 = Debug|Any CPU
		{81F9515E-0EDE-42FA-8075-F1B7DAEFBB60}.Release|Any CPU.ActiveCfg = Release|Any CPU
		{81F9515E-0EDE-42FA-8075-F1B7DAEFBB60}.Release|Any CPU.Build.0 = Release|Any CPU
		{8F846D3D-8AD8-41AA-9AFE-E3CEEC266EC1}.Debug|Any CPU.ActiveCfg = Debug|Any CPU
		{8F846D3D-8AD8-41AA-9AFE-E3CEEC266EC1}.Debug|Any CPU.Build.0 = Debug|Any CPU
		{8F846D3D-8AD8-41AA-9AFE-E3CEEC266EC1}.Release|Any CPU.ActiveCfg = Release|Any CPU
		{8F846D3D-8AD8-41AA-9AFE-E3CEEC266EC1}.Release|Any CPU.Build.0 = Release|Any CPU
		{7A04727C-4547-46B2-BCA0-AABBF0AE99CB}.Debug|Any CPU.ActiveCfg = Debug|Any CPU
		{7A04727C-4547-46B2-BCA0-AABBF0AE99CB}.Debug|Any CPU.Build.0 = Debug|Any CPU
		{7A04727C-4547-46B2-BCA0-AABBF0AE99CB}.Release|Any CPU.ActiveCfg = Release|Any CPU
		{7A04727C-4547-46B2-BCA0-AABBF0AE99CB}.Release|Any CPU.Build.0 = Release|Any CPU
		{F1DB4D6F-7EED-4605-9A55-FCFAE25C1321}.Debug|Any CPU.ActiveCfg = Debug|Any CPU
		{F1DB4D6F-7EED-4605-9A55-FCFAE25C1321}.Debug|Any CPU.Build.0 = Debug|Any CPU
		{F1DB4D6F-7EED-4605-9A55-FCFAE25C1321}.Release|Any CPU.ActiveCfg = Release|Any CPU
		{F1DB4D6F-7EED-4605-9A55-FCFAE25C1321}.Release|Any CPU.Build.0 = Release|Any CPU
		{96DB69E0-E957-4A02-A8BE-CD9EFEBB009A}.Debug|Any CPU.ActiveCfg = Debug|Any CPU
		{96DB69E0-E957-4A02-A8BE-CD9EFEBB009A}.Debug|Any CPU.Build.0 = Debug|Any CPU
		{96DB69E0-E957-4A02-A8BE-CD9EFEBB009A}.Release|Any CPU.ActiveCfg = Release|Any CPU
		{96DB69E0-E957-4A02-A8BE-CD9EFEBB009A}.Release|Any CPU.Build.0 = Release|Any CPU
		{8ECA34C7-87DF-48D6-94EA-B47E42BAD18F}.Debug|Any CPU.ActiveCfg = Debug|Any CPU
		{8ECA34C7-87DF-48D6-94EA-B47E42BAD18F}.Debug|Any CPU.Build.0 = Debug|Any CPU
		{8ECA34C7-87DF-48D6-94EA-B47E42BAD18F}.Release|Any CPU.ActiveCfg = Release|Any CPU
		{8ECA34C7-87DF-48D6-94EA-B47E42BAD18F}.Release|Any CPU.Build.0 = Release|Any CPU
		{E918B894-8D40-4AB4-A638-92717FA23B9F}.Debug|Any CPU.ActiveCfg = Debug|Any CPU
		{E918B894-8D40-4AB4-A638-92717FA23B9F}.Debug|Any CPU.Build.0 = Debug|Any CPU
		{E918B894-8D40-4AB4-A638-92717FA23B9F}.Release|Any CPU.ActiveCfg = Release|Any CPU
		{E918B894-8D40-4AB4-A638-92717FA23B9F}.Release|Any CPU.Build.0 = Release|Any CPU
		{4B9CE88C-B4AC-440A-8DE8-C361B4807CA2}.Debug|Any CPU.ActiveCfg = Debug|Any CPU
		{4B9CE88C-B4AC-440A-8DE8-C361B4807CA2}.Debug|Any CPU.Build.0 = Debug|Any CPU
		{4B9CE88C-B4AC-440A-8DE8-C361B4807CA2}.Release|Any CPU.ActiveCfg = Release|Any CPU
		{4B9CE88C-B4AC-440A-8DE8-C361B4807CA2}.Release|Any CPU.Build.0 = Release|Any CPU
		{D7DEA87C-8609-4496-A7C1-E514A8855304}.Debug|Any CPU.ActiveCfg = Debug|Any CPU
		{D7DEA87C-8609-4496-A7C1-E514A8855304}.Debug|Any CPU.Build.0 = Debug|Any CPU
		{D7DEA87C-8609-4496-A7C1-E514A8855304}.Release|Any CPU.ActiveCfg = Release|Any CPU
		{D7DEA87C-8609-4496-A7C1-E514A8855304}.Release|Any CPU.Build.0 = Release|Any CPU
		{4ECABE44-6F16-4836-92AA-4B49900ADD34}.Debug|Any CPU.ActiveCfg = Debug|Any CPU
		{4ECABE44-6F16-4836-92AA-4B49900ADD34}.Debug|Any CPU.Build.0 = Debug|Any CPU
		{4ECABE44-6F16-4836-92AA-4B49900ADD34}.Release|Any CPU.ActiveCfg = Release|Any CPU
		{4ECABE44-6F16-4836-92AA-4B49900ADD34}.Release|Any CPU.Build.0 = Release|Any CPU
		{9B774902-8F96-43BE-957C-4F9856B29CE8}.Debug|Any CPU.ActiveCfg = Debug|Any CPU
		{9B774902-8F96-43BE-957C-4F9856B29CE8}.Debug|Any CPU.Build.0 = Debug|Any CPU
		{9B774902-8F96-43BE-957C-4F9856B29CE8}.Release|Any CPU.ActiveCfg = Release|Any CPU
		{9B774902-8F96-43BE-957C-4F9856B29CE8}.Release|Any CPU.Build.0 = Release|Any CPU
		{D2B8BB3D-40F1-492B-82F6-91EF21AA84FF}.Debug|Any CPU.ActiveCfg = Debug|Any CPU
		{D2B8BB3D-40F1-492B-82F6-91EF21AA84FF}.Debug|Any CPU.Build.0 = Debug|Any CPU
		{D2B8BB3D-40F1-492B-82F6-91EF21AA84FF}.Release|Any CPU.ActiveCfg = Release|Any CPU
		{D2B8BB3D-40F1-492B-82F6-91EF21AA84FF}.Release|Any CPU.Build.0 = Release|Any CPU
		{466C56E2-ED91-4DD0-8D09-010D6D280D85}.Debug|Any CPU.ActiveCfg = Debug|Any CPU
		{466C56E2-ED91-4DD0-8D09-010D6D280D85}.Debug|Any CPU.Build.0 = Debug|Any CPU
		{466C56E2-ED91-4DD0-8D09-010D6D280D85}.Release|Any CPU.ActiveCfg = Release|Any CPU
		{466C56E2-ED91-4DD0-8D09-010D6D280D85}.Release|Any CPU.Build.0 = Release|Any CPU
		{603F0CAD-9CA8-4ECD-B076-4B53E4729172}.Debug|Any CPU.ActiveCfg = Debug|Any CPU
		{603F0CAD-9CA8-4ECD-B076-4B53E4729172}.Debug|Any CPU.Build.0 = Debug|Any CPU
		{603F0CAD-9CA8-4ECD-B076-4B53E4729172}.Release|Any CPU.ActiveCfg = Release|Any CPU
		{603F0CAD-9CA8-4ECD-B076-4B53E4729172}.Release|Any CPU.Build.0 = Release|Any CPU
		{B8B37386-AF0B-4F68-8E0E-F38FD7B4CB14}.Debug|Any CPU.ActiveCfg = Debug|Any CPU
		{B8B37386-AF0B-4F68-8E0E-F38FD7B4CB14}.Debug|Any CPU.Build.0 = Debug|Any CPU
		{B8B37386-AF0B-4F68-8E0E-F38FD7B4CB14}.Release|Any CPU.ActiveCfg = Release|Any CPU
		{B8B37386-AF0B-4F68-8E0E-F38FD7B4CB14}.Release|Any CPU.Build.0 = Release|Any CPU
		{999C63E7-9524-4F79-BBE9-4560D1B26CB0}.Debug|Any CPU.ActiveCfg = Debug|Any CPU
		{999C63E7-9524-4F79-BBE9-4560D1B26CB0}.Debug|Any CPU.Build.0 = Debug|Any CPU
		{999C63E7-9524-4F79-BBE9-4560D1B26CB0}.Release|Any CPU.ActiveCfg = Release|Any CPU
		{999C63E7-9524-4F79-BBE9-4560D1B26CB0}.Release|Any CPU.Build.0 = Release|Any CPU
		{1BAB66AC-26A2-4686-B68F-C63DEE52022D}.Debug|Any CPU.ActiveCfg = Debug|Any CPU
		{1BAB66AC-26A2-4686-B68F-C63DEE52022D}.Debug|Any CPU.Build.0 = Debug|Any CPU
		{1BAB66AC-26A2-4686-B68F-C63DEE52022D}.Release|Any CPU.ActiveCfg = Release|Any CPU
		{1BAB66AC-26A2-4686-B68F-C63DEE52022D}.Release|Any CPU.Build.0 = Release|Any CPU
		{C7906AD4-5B45-4370-B99D-B80F5BD44664}.Debug|Any CPU.ActiveCfg = Debug|Any CPU
		{C7906AD4-5B45-4370-B99D-B80F5BD44664}.Debug|Any CPU.Build.0 = Debug|Any CPU
		{C7906AD4-5B45-4370-B99D-B80F5BD44664}.Release|Any CPU.ActiveCfg = Release|Any CPU
		{C7906AD4-5B45-4370-B99D-B80F5BD44664}.Release|Any CPU.Build.0 = Release|Any CPU
		{2A4DAAF1-2ABE-4CDB-968A-B7C563421581}.Debug|Any CPU.ActiveCfg = Debug|Any CPU
		{2A4DAAF1-2ABE-4CDB-968A-B7C563421581}.Debug|Any CPU.Build.0 = Debug|Any CPU
		{2A4DAAF1-2ABE-4CDB-968A-B7C563421581}.Release|Any CPU.ActiveCfg = Release|Any CPU
		{2A4DAAF1-2ABE-4CDB-968A-B7C563421581}.Release|Any CPU.Build.0 = Release|Any CPU
		{7C8F6A77-552D-4024-AA2D-7695BE52A36A}.Debug|Any CPU.ActiveCfg = Debug|Any CPU
		{7C8F6A77-552D-4024-AA2D-7695BE52A36A}.Debug|Any CPU.Build.0 = Debug|Any CPU
		{7C8F6A77-552D-4024-AA2D-7695BE52A36A}.Release|Any CPU.ActiveCfg = Release|Any CPU
		{7C8F6A77-552D-4024-AA2D-7695BE52A36A}.Release|Any CPU.Build.0 = Release|Any CPU
		{9A2D7550-D0FC-4999-B2CB-D0B47960164E}.Debug|Any CPU.ActiveCfg = Debug|Any CPU
		{9A2D7550-D0FC-4999-B2CB-D0B47960164E}.Debug|Any CPU.Build.0 = Debug|Any CPU
		{9A2D7550-D0FC-4999-B2CB-D0B47960164E}.Release|Any CPU.ActiveCfg = Release|Any CPU
		{9A2D7550-D0FC-4999-B2CB-D0B47960164E}.Release|Any CPU.Build.0 = Release|Any CPU
		{C3D52ECD-B3B7-47C4-960D-A1CBF00780EF}.Debug|Any CPU.ActiveCfg = Debug|Any CPU
		{C3D52ECD-B3B7-47C4-960D-A1CBF00780EF}.Debug|Any CPU.Build.0 = Debug|Any CPU
		{C3D52ECD-B3B7-47C4-960D-A1CBF00780EF}.Release|Any CPU.ActiveCfg = Release|Any CPU
		{C3D52ECD-B3B7-47C4-960D-A1CBF00780EF}.Release|Any CPU.Build.0 = Release|Any CPU
		{A04BE138-301A-4FB7-A025-470EB1CB6379}.Debug|Any CPU.ActiveCfg = Debug|Any CPU
		{A04BE138-301A-4FB7-A025-470EB1CB6379}.Debug|Any CPU.Build.0 = Debug|Any CPU
		{A04BE138-301A-4FB7-A025-470EB1CB6379}.Release|Any CPU.ActiveCfg = Release|Any CPU
		{A04BE138-301A-4FB7-A025-470EB1CB6379}.Release|Any CPU.Build.0 = Release|Any CPU
		{37A2A68E-64E8-46D8-88BF-515CCBC82165}.Debug|Any CPU.ActiveCfg = Debug|Any CPU
		{37A2A68E-64E8-46D8-88BF-515CCBC82165}.Debug|Any CPU.Build.0 = Debug|Any CPU
		{37A2A68E-64E8-46D8-88BF-515CCBC82165}.Release|Any CPU.ActiveCfg = Release|Any CPU
		{37A2A68E-64E8-46D8-88BF-515CCBC82165}.Release|Any CPU.Build.0 = Release|Any CPU
		{F7542542-C4DF-465E-83E7-BD5728342474}.Debug|Any CPU.ActiveCfg = Debug|Any CPU
		{F7542542-C4DF-465E-83E7-BD5728342474}.Debug|Any CPU.Build.0 = Debug|Any CPU
		{F7542542-C4DF-465E-83E7-BD5728342474}.Release|Any CPU.ActiveCfg = Release|Any CPU
		{F7542542-C4DF-465E-83E7-BD5728342474}.Release|Any CPU.Build.0 = Release|Any CPU
	EndGlobalSection
	GlobalSection(SolutionProperties) = preSolution
		HideSolutionNode = FALSE
	EndGlobalSection
EndGlobal
